
Microsoft Visual Studio Solution File, Format Version 12.00
# Visual Studio 15
VisualStudioVersion = 15.0.27703.2035
MinimumVisualStudioVersion = 10.0.40219.1
Project("{FAE04EC0-301F-11D3-BF4B-00C04F79EFBC}") = "Task", "Task\Task.csproj", "{3A21AAA1-C513-433A-94AE-4A636BD83484}"
EndProject
Project("{2150E333-8FDC-42A3-9474-1A3956D46DE8}") = "BELayer", "BELayer", "{50F104FF-F47A-4227-81BC-AFE010266CED}"
EndProject
Project("{FAE04EC0-301F-11D3-BF4B-00C04F79EFBC}") = "BELayer", "BELayer\BELayer\BELayer.csproj", "{365297A9-D082-463A-8315-AC9B01CD9E4D}"
EndProject
Project("{2150E333-8FDC-42A3-9474-1A3956D46DE8}") = "BALayer", "BALayer", "{B06C92DE-4C64-40AD-BBE0-56C899F3408A}"
EndProject
Project("{FAE04EC0-301F-11D3-BF4B-00C04F79EFBC}") = "BALayer", "BALayer\BALayer.csproj", "{A69A3B89-08B9-4EE6-91C6-C603B094CB72}"
	ProjectSection(ProjectDependencies) = postProject
		{365297A9-D082-463A-8315-AC9B01CD9E4D} = {365297A9-D082-463A-8315-AC9B01CD9E4D}
		{ADF032C1-D123-42B8-8A67-6208F020C2BB} = {ADF032C1-D123-42B8-8A67-6208F020C2BB}
	EndProjectSection
EndProject
Project("{2150E333-8FDC-42A3-9474-1A3956D46DE8}") = "DALayer", "DALayer", "{76CA7703-25C7-4542-996F-7AA18D5E927D}"
EndProject
Project("{FAE04EC0-301F-11D3-BF4B-00C04F79EFBC}") = "DALayer", "DALayer\DALayer.csproj", "{ADF032C1-D123-42B8-8A67-6208F020C2BB}"
EndProject
Global
	GlobalSection(SolutionConfigurationPlatforms) = preSolution
		Debug|Any CPU = Debug|Any CPU
		Release|Any CPU = Release|Any CPU
	EndGlobalSection
	GlobalSection(ProjectConfigurationPlatforms) = postSolution
		{3A21AAA1-C513-433A-94AE-4A636BD83484}.Debug|Any CPU.ActiveCfg = Debug|Any CPU
		{3A21AAA1-C513-433A-94AE-4A636BD83484}.Debug|Any CPU.Build.0 = Debug|Any CPU
		{3A21AAA1-C513-433A-94AE-4A636BD83484}.Release|Any CPU.ActiveCfg = Release|Any CPU
		{3A21AAA1-C513-433A-94AE-4A636BD83484}.Release|Any CPU.Build.0 = Release|Any CPU
		{365297A9-D082-463A-8315-AC9B01CD9E4D}.Debug|Any CPU.ActiveCfg = Debug|Any CPU
		{365297A9-D082-463A-8315-AC9B01CD9E4D}.Debug|Any CPU.Build.0 = Debug|Any CPU
		{365297A9-D082-463A-8315-AC9B01CD9E4D}.Release|Any CPU.ActiveCfg = Release|Any CPU
		{365297A9-D082-463A-8315-AC9B01CD9E4D}.Release|Any CPU.Build.0 = Release|Any CPU
		{A69A3B89-08B9-4EE6-91C6-C603B094CB72}.Debug|Any CPU.ActiveCfg = Debug|Any CPU
		{A69A3B89-08B9-4EE6-91C6-C603B094CB72}.Debug|Any CPU.Build.0 = Debug|Any CPU
		{A69A3B89-08B9-4EE6-91C6-C603B094CB72}.Release|Any CPU.ActiveCfg = Release|Any CPU
		{A69A3B89-08B9-4EE6-91C6-C603B094CB72}.Release|Any CPU.Build.0 = Release|Any CPU
		{ADF032C1-D123-42B8-8A67-6208F020C2BB}.Debug|Any CPU.ActiveCfg = Debug|Any CPU
		{ADF032C1-D123-42B8-8A67-6208F020C2BB}.Debug|Any CPU.Build.0 = Debug|Any CPU
		{ADF032C1-D123-42B8-8A67-6208F020C2BB}.Release|Any CPU.ActiveCfg = Release|Any CPU
		{ADF032C1-D123-42B8-8A67-6208F020C2BB}.Release|Any CPU.Build.0 = Release|Any CPU
	EndGlobalSection
	GlobalSection(SolutionProperties) = preSolution
		HideSolutionNode = FALSE
	EndGlobalSection
	GlobalSection(NestedProjects) = preSolution
		{365297A9-D082-463A-8315-AC9B01CD9E4D} = {50F104FF-F47A-4227-81BC-AFE010266CED}
		{A69A3B89-08B9-4EE6-91C6-C603B094CB72} = {B06C92DE-4C64-40AD-BBE0-56C899F3408A}
		{ADF032C1-D123-42B8-8A67-6208F020C2BB} = {76CA7703-25C7-4542-996F-7AA18D5E927D}
	EndGlobalSection
	GlobalSection(ExtensibilityGlobals) = postSolution
		SolutionGuid = {2E48B7F7-91E2-4C26-A384-AC3FA6864AA6}
	EndGlobalSection
EndGlobal
